
Microsoft Visual Studio Solution File, Format Version 12.00
# Visual Studio Version 17
VisualStudioVersion = 17.4.33213.308
MinimumVisualStudioVersion = 10.0.40219.1
Project("{9A19103F-16F7-4668-BE54-9A1E7A4F7556}") = "ICS.User.API", "ICS.User.API\ICS.User.API.csproj", "{87ED90F3-1325-4E98-BCF1-EA7C7B8E66CD}"
EndProject
Project("{9A19103F-16F7-4668-BE54-9A1E7A4F7556}") = "ICS.User.Domain", "ICS.User.Domain\ICS.User.Domain.csproj", "{1BAA3160-7EAE-4168-A455-23DB93CD6971}"
EndProject
Project("{FAE04EC0-301F-11D3-BF4B-00C04F79EFBC}") = "ICS.User.Application", "ICS.User.Application\ICS.User.Application.csproj", "{03C3BDD3-A74B-44BE-A618-9A5A9ADA5C7E}"
EndProject
Project("{FAE04EC0-301F-11D3-BF4B-00C04F79EFBC}") = "ICS.User.Infrastructure", "ICS.User.Infrastructure\ICS.User.Infrastructure.csproj", "{080722E2-0567-4FAF-9C03-6104F8B142CA}"
EndProject
Project("{FAE04EC0-301F-11D3-BF4B-00C04F79EFBC}") = "ICS.User.CrossCutting", "ICS.User.CrossCutting\ICS.User.CrossCutting.csproj", "{2418AA6E-7676-4755-8CD0-578754E80FB1}"
EndProject
Global
	GlobalSection(SolutionConfigurationPlatforms) = preSolution
		Debug|Any CPU = Debug|Any CPU
		Release|Any CPU = Release|Any CPU
	EndGlobalSection
	GlobalSection(ProjectConfigurationPlatforms) = postSolution
		{87ED90F3-1325-4E98-BCF1-EA7C7B8E66CD}.Debug|Any CPU.ActiveCfg = Debug|Any CPU
		{87ED90F3-1325-4E98-BCF1-EA7C7B8E66CD}.Debug|Any CPU.Build.0 = Debug|Any CPU
		{87ED90F3-1325-4E98-BCF1-EA7C7B8E66CD}.Release|Any CPU.ActiveCfg = Release|Any CPU
		{87ED90F3-1325-4E98-BCF1-EA7C7B8E66CD}.Release|Any CPU.Build.0 = Release|Any CPU
		{1BAA3160-7EAE-4168-A455-23DB93CD6971}.Debug|Any CPU.ActiveCfg = Debug|Any CPU
		{1BAA3160-7EAE-4168-A455-23DB93CD6971}.Debug|Any CPU.Build.0 = Debug|Any CPU
		{1BAA3160-7EAE-4168-A455-23DB93CD6971}.Release|Any CPU.ActiveCfg = Release|Any CPU
		{1BAA3160-7EAE-4168-A455-23DB93CD6971}.Release|Any CPU.Build.0 = Release|Any CPU
		{03C3BDD3-A74B-44BE-A618-9A5A9ADA5C7E}.Debug|Any CPU.ActiveCfg = Debug|Any CPU
		{03C3BDD3-A74B-44BE-A618-9A5A9ADA5C7E}.Debug|Any CPU.Build.0 = Debug|Any CPU
		{03C3BDD3-A74B-44BE-A618-9A5A9ADA5C7E}.Release|Any CPU.ActiveCfg = Release|Any CPU
		{03C3BDD3-A74B-44BE-A618-9A5A9ADA5C7E}.Release|Any CPU.Build.0 = Release|Any CPU
		{080722E2-0567-4FAF-9C03-6104F8B142CA}.Debug|Any CPU.ActiveCfg = Debug|Any CPU
		{080722E2-0567-4FAF-9C03-6104F8B142CA}.Debug|Any CPU.Build.0 = Debug|Any CPU
		{080722E2-0567-4FAF-9C03-6104F8B142CA}.Release|Any CPU.ActiveCfg = Release|Any CPU
		{080722E2-0567-4FAF-9C03-6104F8B142CA}.Release|Any CPU.Build.0 = Release|Any CPU
		{2418AA6E-7676-4755-8CD0-578754E80FB1}.Debug|Any CPU.ActiveCfg = Debug|Any CPU
		{2418AA6E-7676-4755-8CD0-578754E80FB1}.Debug|Any CPU.Build.0 = Debug|Any CPU
		{2418AA6E-7676-4755-8CD0-578754E80FB1}.Release|Any CPU.ActiveCfg = Release|Any CPU
		{2418AA6E-7676-4755-8CD0-578754E80FB1}.Release|Any CPU.Build.0 = Release|Any CPU
	EndGlobalSection
	GlobalSection(SolutionProperties) = preSolution
		HideSolutionNode = FALSE
	EndGlobalSection
	GlobalSection(ExtensibilityGlobals) = postSolution
		SolutionGuid = {F8C6D401-E97B-4723-A1BF-6AEB1480736E}
	EndGlobalSection
EndGlobal
